<?xml version="1.0" encoding="utf-8"?>
<Project ToolsVersion="4.0" xmlns="http://schemas.microsoft.com/developer/msbuild/2003">
  <ItemGroup>
    <Filter Include="Source Files">
      <UniqueIdentifier>{4FC737F1-C7A5-4376-A066-2A32D752A2FF}</UniqueIdentifier>
      <Extensions>cpp;c;cc;cxx;c++;cppm;ixx;def;odl;idl;hpj;bat;asm;asmx</Extensions>
    </Filter>
    <Filter Include="Header Files">
      <UniqueIdentifier>{93995380-89BD-4b04-88EB-625FBE52EBFB}</UniqueIdentifier>
      <Extensions>h;hh;hpp;hxx;h++;hm;inl;inc;ipp;xsd</Extensions>
    </Filter>
    <Filter Include="Resource Files">
      <UniqueIdentifier>{67DA6AB6-F800-4c08-8B7A-83BB121AAD01}</UniqueIdentifier>
      <Extensions>rc;ico;cur;bmp;dlg;rc2;rct;bin;rgs;gif;jpg;jpeg;jpe;resx;tiff;tif;png;wav;mfcribbon-ms</Extensions>
    </Filter>
  </ItemGroup>
  <ItemGroup>
    <ClInclude Include="App.h">
      <Filter>Header Files</Filter>
    </ClInclude>
    <ClInclude Include="Logging\IOBase.h">
      <Filter>Header Files</Filter>
    </ClInclude>
    <ClInclude Include="Logging\network\CNetworkSocket.h">
      <Filter>Header Files</Filter>
    </ClInclude>
    <ClInclude Include="Logging\EndLogger.h">
      <Filter>Header Files</Filter>
    </ClInclude>
    <ClInclude Include="Logging\Colors.h">
      <Filter>Header Files</Filter>
    </ClInclude>
    <ClInclude Include="Game\TheEnd.h">
      <Filter>Header Files</Filter>
    </ClInclude>
    <ClInclude Include="Game\GameEntities\Markers.h">
      <Filter>Header Files</Filter>
    </ClInclude>
    <ClInclude Include="Game\Renderer\Renderer.h">
      <Filter>Header Files</Filter>
    </ClInclude>
    <ClInclude Include="Game\TempThread\TempThread.h">
      <Filter>Header Files</Filter>
    </ClInclude>
    <ClInclude Include="Game\TempThread\TempThreadMgr.h">
      <Filter>Header Files</Filter>
    </ClInclude>
    <ClInclude Include="Game\Gamemode\Gamemode.h">
      <Filter>Header Files</Filter>
    </ClInclude>
    <ClInclude Include="Game\Gamemode\Textures.h">
      <Filter>Header Files</Filter>
    </ClInclude>
    <ClInclude Include="Game\Modes\Freemode.h">
      <Filter>Header Files</Filter>
    </ClInclude>
    <ClInclude Include="Game\Gamemode\GamemodeMgr.h">
      <Filter>Header Files</Filter>
    </ClInclude>
    <ClInclude Include="Game\Modes\Freemode\FreemodeMissionLauncher.h">
      <Filter>Header Files</Filter>
    </ClInclude>
    <ClInclude Include="Game\Modes\Freemode\GameState.h">
      <Filter>Header Files</Filter>
    </ClInclude>
    <ClInclude Include="Transition\Transition.h">
      <Filter>Header Files</Filter>
    </ClInclude>
    <ClInclude Include="Debug\DbgModule.h">
      <Filter>Header Files</Filter>
    </ClInclude>
    <ClInclude Include="Debug\DebugMgr.h">
      <Filter>Header Files</Filter>
    </ClInclude>
    <ClInclude Include="Transition\TransitionTest.h">
      <Filter>Header Files</Filter>
    </ClInclude>
    <ClInclude Include="Debug\Debugger.h">
      <Filter>Header Files</Filter>
    </ClInclude>
    <ClInclude Include="Game\Gameplay.h">
      <Filter>Header Files</Filter>
    </ClInclude>
    <ClInclude Include="Game\Gamemode\Flow.h">
      <Filter>Header Files</Filter>
    </ClInclude>
    <ClInclude Include="Game\Marker\MarkerSys.h">
      <Filter>Header Files</Filter>
    </ClInclude>
    <ClInclude Include="Game\Marker\MarkerRet.h">
      <Filter>Header Files</Filter>
    </ClInclude>
    <ClInclude Include="Game\Modes\SP\Singleplayer.h">
      <Filter>Header Files</Filter>
    </ClInclude>
    <ClInclude Include="Game\Modes\Globals.h">
      <Filter>Header Files</Filter>
    </ClInclude>
  </ItemGroup>
  <ItemGroup>
    <ClCompile Include="App.cpp">
      <Filter>Source Files</Filter>
    </ClCompile>
    <ClCompile Include="Logging\network\CNetworkSocket.cpp">
      <Filter>Source Files</Filter>
    </ClCompile>
    <ClCompile Include="Game\GameEntities\Markers.cpp">
      <Filter>Source Files</Filter>
    </ClCompile>
    <ClCompile Include="Game\TheEnd.cpp">
      <Filter>Source Files</Filter>
    </ClCompile>
    <ClCompile Include="Transition\TransitionTest.cpp">
      <Filter>Source Files</Filter>
    </ClCompile>
    <ClCompile Include="Game\Gameplay.cpp">
      <Filter>Source Files</Filter>
    </ClCompile>
    <ClCompile Include="Game\Gamemode\GamemodeMgr.cpp">
      <Filter>Source Files</Filter>
    </ClCompile>
  </ItemGroup>
</Project>